
Microsoft Visual Studio Solution File, Format Version 12.00
# Visual Studio Version 17
VisualStudioVersion = 17.9.34310.174
MinimumVisualStudioVersion = 10.0.40219.1
Project("{FAE04EC0-301F-11D3-BF4B-00C04F79EFBC}") = "ConsoleAppMinimumMaximumExclusive", "ConsoleAppMinimumMaximumExclusive.csproj", "{0F840001-18DB-42FA-A6AD-F0E7F89D3A01}"
EndProject
Global
	GlobalSection(SolutionConfigurationPlatforms) = preSolution
		Debug|Any CPU = Debug|Any CPU
		Release|Any CPU = Release|Any CPU
	EndGlobalSection
	GlobalSection(ProjectConfigurationPlatforms) = postSolution
		{0F840001-18DB-42FA-A6AD-F0E7F89D3A01}.Debug|Any CPU.ActiveCfg = Debug|Any CPU
		{0F840001-18DB-42FA-A6AD-F0E7F89D3A01}.Debug|Any CPU.Build.0 = Debug|Any CPU
		{0F840001-18DB-42FA-A6AD-F0E7F89D3A01}.Release|Any CPU.ActiveCfg = Release|Any CPU
		{0F840001-18DB-42FA-A6AD-F0E7F89D3A01}.Release|Any CPU.Build.0 = Release|Any CPU
	EndGlobalSection
	GlobalSection(SolutionProperties) = preSolution
		HideSolutionNode = FALSE
	EndGlobalSection
	GlobalSection(ExtensibilityGlobals) = postSolution
		SolutionGuid = {53EC4730-06E5-4391-9E07-F765D621B473}
	EndGlobalSection
EndGlobal
